
Microsoft Visual Studio Solution File, Format Version 12.00
# Visual Studio 2015
Project("{FAE04EC0-301F-11D3-BF4B-00C04F79EFBC}") = "MyShaderProject", "MyShaderProject.csproj", "{E04DD723-EED8-4F85-C3D8-C1E795DF2511}"
EndProject
Project("{FAE04EC0-301F-11D3-BF4B-00C04F79EFBC}") = "MyShaderProject.Editor", "MyShaderProject.Editor.csproj", "{138A6F29-ECEC-8CCF-E18F-4511D1238E20}"
EndProject
Global
	GlobalSection(SolutionConfigurationPlatforms) = preSolution
		Debug|Any CPU = Debug|Any CPU
		Release|Any CPU = Release|Any CPU
	EndGlobalSection
	GlobalSection(ProjectConfigurationPlatforms) = postSolution
		{E04DD723-EED8-4F85-C3D8-C1E795DF2511}.Debug|Any CPU.ActiveCfg = Debug|Any CPU
		{E04DD723-EED8-4F85-C3D8-C1E795DF2511}.Debug|Any CPU.Build.0 = Debug|Any CPU
		{E04DD723-EED8-4F85-C3D8-C1E795DF2511}.Release|Any CPU.ActiveCfg = Release|Any CPU
		{E04DD723-EED8-4F85-C3D8-C1E795DF2511}.Release|Any CPU.Build.0 = Release|Any CPU
		{138A6F29-ECEC-8CCF-E18F-4511D1238E20}.Debug|Any CPU.ActiveCfg = Debug|Any CPU
		{138A6F29-ECEC-8CCF-E18F-4511D1238E20}.Debug|Any CPU.Build.0 = Debug|Any CPU
		{138A6F29-ECEC-8CCF-E18F-4511D1238E20}.Release|Any CPU.ActiveCfg = Release|Any CPU
		{138A6F29-ECEC-8CCF-E18F-4511D1238E20}.Release|Any CPU.Build.0 = Release|Any CPU
	EndGlobalSection
	GlobalSection(SolutionProperties) = preSolution
		HideSolutionNode = FALSE
	EndGlobalSection
EndGlobal
